// !$*UTF8*$!
{
	archiveVersion = 1;
	classes = {
	};
	objectVersion = 46;
	objects = {

/* Begin PBXBuildFile section */
		FF17555D18B58AA600F06A5B /* Foundation.framework in Frameworks */ = {isa = PBXBuildFile; fileRef = FF17555C18B58AA600F06A5B /* Foundation.framework */; };
		FF17555F18B58AA600F06A5B /* CoreGraphics.framework in Frameworks */ = {isa = PBXBuildFile; fileRef = FF17555E18B58AA600F06A5B /* CoreGraphics.framework */; };
		FF17556118B58AA600F06A5B /* UIKit.framework in Frameworks */ = {isa = PBXBuildFile; fileRef = FF17556018B58AA600F06A5B /* UIKit.framework */; };
		FF17556718B58AA600F06A5B /* InfoPlist.strings in Resources */ = {isa = PBXBuildFile; fileRef = FF17556518B58AA600F06A5B /* InfoPlist.strings */; };
		FF17556918B58AA600F06A5B /* main.m in Sources */ = {isa = PBXBuildFile; fileRef = FF17556818B58AA600F06A5B /* main.m */; };
		FF17556D18B58AA700F06A5B /* HWAppDelegate.m in Sources */ = {isa = PBXBuildFile; fileRef = FF17556C18B58AA700F06A5B /* HWAppDelegate.m */; };
		FF17557018B58AA700F06A5B /* Main.storyboard in Resources */ = {isa = PBXBuildFile; fileRef = FF17556E18B58AA700F06A5B /* Main.storyboard */; };
		FF17557318B58AA700F06A5B /* HWViewController.m in Sources */ = {isa = PBXBuildFile; fileRef = FF17557218B58AA700F06A5B /* HWViewController.m */; };
		FF17557518B58AA700F06A5B /* Images.xcassets in Resources */ = {isa = PBXBuildFile; fileRef = FF17557418B58AA700F06A5B /* Images.xcassets */; };
		FF17557C18B58AA700F06A5B /* XCTest.framework in Frameworks */ = {isa = PBXBuildFile; fileRef = FF17557B18B58AA700F06A5B /* XCTest.framework */; };
		FF17557D18B58AA700F06A5B /* Foundation.framework in Frameworks */ = {isa = PBXBuildFile; fileRef = FF17555C18B58AA600F06A5B /* Foundation.framework */; };
		FF17557E18B58AA700F06A5B /* UIKit.framework in Frameworks */ = {isa = PBXBuildFile; fileRef = FF17556018B58AA600F06A5B /* UIKit.framework */; };
		FF17558618B58AA700F06A5B /* InfoPlist.strings in Resources */ = {isa = PBXBuildFile; fileRef = FF17558418B58AA700F06A5B /* InfoPlist.strings */; };
		FF17558818B58AA700F06A5B /* helloworldTests.m in Sources */ = {isa = PBXBuildFile; fileRef = FF17558718B58AA700F06A5B /* helloworldTests.m */; };
/* End PBXBuildFile section */

/* Begin PBXContainerItemProxy section */
		FF17557F18B58AA700F06A5B /* PBXContainerItemProxy */ = {
			isa = PBXContainerItemProxy;
			containerPortal = FF17555118B58AA600F06A5B /* Project object */;
			proxyType = 1;
			remoteGlobalIDString = FF17555818B58AA600F06A5B;
			remoteInfo = helloworld;
		};
/* End PBXContainerItemProxy section */

/* Begin PBXFileReference section */
		FF17555918B58AA600F06A5B /* helloworld.app */ = {isa = PBXFileReference; explicitFileType = wrapper.application; includeInIndex = 0; path = helloworld.app; sourceTree = BUILT_PRODUCTS_DIR; };
		FF17555C18B58AA600F06A5B /* Foundation.framework */ = {isa = PBXFileReference; lastKnownFileType = wrapper.framework; name = Foundation.framework; path = System/Library/Frameworks/Foundation.framework; sourceTree = SDKROOT; };
		FF17555E18B58AA600F06A5B /* CoreGraphics.framework */ = {isa = PBXFileReference; lastKnownFileType = wrapper.framework; name = CoreGraphics.framework; path = System/Library/Frameworks/CoreGraphics.framework; sourceTree = SDKROOT; };
		FF17556018B58AA600F06A5B /* UIKit.framework */ = {isa = PBXFileReference; lastKnownFileType = wrapper.framework; name = UIKit.framework; path = System/Library/Frameworks/UIKit.framework; sourceTree = SDKROOT; };
		FF17556418B58AA600F06A5B /* helloworld-Info.plist */ = {isa = PBXFileReference; lastKnownFileType = text.plist.xml; path = "helloworld-Info.plist"; sourceTree = "<group>"; };
		FF17556618B58AA600F06A5B /* en */ = {isa = PBXFileReference; lastKnownFileType = text.plist.strings; name = en; path = en.lproj/InfoPlist.strings; sourceTree = "<group>"; };
		FF17556818B58AA600F06A5B /* main.m */ = {isa = PBXFileReference; lastKnownFileType = sourcecode.c.objc; path = main.m; sourceTree = "<group>"; };
		FF17556A18B58AA600F06A5B /* helloworld-Prefix.pch */ = {isa = PBXFileReference; lastKnownFileType = sourcecode.c.h; path = "helloworld-Prefix.pch"; sourceTree = "<group>"; };
		FF17556B18B58AA700F06A5B /* HWAppDelegate.h */ = {isa = PBXFileReference; lastKnownFileType = sourcecode.c.h; path = HWAppDelegate.h; sourceTree = "<group>"; };
		FF17556C18B58AA700F06A5B /* HWAppDelegate.m */ = {isa = PBXFileReference; lastKnownFileType = sourcecode.c.objc; path = HWAppDelegate.m; sourceTree = "<group>"; };
		FF17556F18B58AA700F06A5B /* Base */ = {isa = PBXFileReference; lastKnownFileType = file.storyboard; name = Base; path = Base.lproj/Main.storyboard; sourceTree = "<group>"; };
		FF17557118B58AA700F06A5B /* HWViewController.h */ = {isa = PBXFileReference; lastKnownFileType = sourcecode.c.h; path = HWViewController.h; sourceTree = "<group>"; };
		FF17557218B58AA700F06A5B /* HWViewController.m */ = {isa = PBXFileReference; lastKnownFileType = sourcecode.c.objc; path = HWViewController.m; sourceTree = "<group>"; };
		FF17557418B58AA700F06A5B /* Images.xcassets */ = {isa = PBXFileReference; lastKnownFileType = folder.assetcatalog; path = Images.xcassets; sourceTree = "<group>"; };
		FF17557A18B58AA700F06A5B /* helloworldTests.xctest */ = {isa = PBXFileReference; explicitFileType = wrapper.cfbundle; includeInIndex = 0; path = helloworldTests.xctest; sourceTree = BUILT_PRODUCTS_DIR; };
		FF17557B18B58AA700F06A5B /* XCTest.framework */ = {isa = PBXFileReference; lastKnownFileType = wrapper.framework; name = XCTest.framework; path = Library/Frameworks/XCTest.framework; sourceTree = DEVELOPER_DIR; };
		FF17558318B58AA700F06A5B /* helloworldTests-Info.plist */ = {isa = PBXFileReference; lastKnownFileType = text.plist.xml; path = "helloworldTests-Info.plist"; sourceTree = "<group>"; };
		FF17558518B58AA700F06A5B /* en */ = {isa = PBXFileReference; lastKnownFileType = text.plist.strings; name = en; path = en.lproj/InfoPlist.strings; sourceTree = "<group>"; };
		FF17558718B58AA700F06A5B /* helloworldTests.m */ = {isa = PBXFileReference; lastKnownFileType = sourcecode.c.objc; path = helloworldTests.m; sourceTree = "<group>"; };
/* End PBXFileReference section */

/* Begin PBXFrameworksBuildPhase section */
		FF17555618B58AA600F06A5B /* Frameworks */ = {
			isa = PBXFrameworksBuildPhase;
			buildActionMask = 2147483647;
			files = (
				FF17555F18B58AA600F06A5B /* CoreGraphics.framework in Frameworks */,
				FF17556118B58AA600F06A5B /* UIKit.framework in Frameworks */,
				FF17555D18B58AA600F06A5B /* Foundation.framework in Frameworks */,
			);
			runOnlyForDeploymentPostprocessing = 0;
		};
		FF17557718B58AA700F06A5B /* Frameworks */ = {
			isa = PBXFrameworksBuildPhase;
			buildActionMask = 2147483647;
			files = (
				FF17557C18B58AA700F06A5B /* XCTest.framework in Frameworks */,
				FF17557E18B58AA700F06A5B /* UIKit.framework in Frameworks */,
				FF17557D18B58AA700F06A5B /* Foundation.framework in Frameworks */,
			);
			runOnlyForDeploymentPostprocessing = 0;
		};
/* End PBXFrameworksBuildPhase section */

/* Begin PBXGroup section */
		FF17555018B58AA600F06A5B = {
			isa = PBXGroup;
			children = (
				FF17556218B58AA600F06A5B /* helloworld */,
				FF17558118B58AA700F06A5B /* helloworldTests */,
				FF17555B18B58AA600F06A5B /* Frameworks */,
				FF17555A18B58AA600F06A5B /* Products */,
			);
			sourceTree = "<group>";
		};
		FF17555A18B58AA600F06A5B /* Products */ = {
			isa = PBXGroup;
			children = (
				FF17555918B58AA600F06A5B /* helloworld.app */,
				FF17557A18B58AA700F06A5B /* helloworldTests.xctest */,
			);
			name = Products;
			sourceTree = "<group>";
		};
		FF17555B18B58AA600F06A5B /* Frameworks */ = {
			isa = PBXGroup;
			children = (
				FF17555C18B58AA600F06A5B /* Foundation.framework */,
				FF17555E18B58AA600F06A5B /* CoreGraphics.framework */,
				FF17556018B58AA600F06A5B /* UIKit.framework */,
				FF17557B18B58AA700F06A5B /* XCTest.framework */,
			);
			name = Frameworks;
			sourceTree = "<group>";
		};
		FF17556218B58AA600F06A5B /* helloworld */ = {
			isa = PBXGroup;
			children = (
				FF17556B18B58AA700F06A5B /* HWAppDelegate.h */,
				FF17556C18B58AA700F06A5B /* HWAppDelegate.m */,
				FF17556E18B58AA700F06A5B /* Main.storyboard */,
				FF17557118B58AA700F06A5B /* HWViewController.h */,
				FF17557218B58AA700F06A5B /* HWViewController.m */,
				FF17557418B58AA700F06A5B /* Images.xcassets */,
				FF17556318B58AA600F06A5B /* Supporting Files */,
			);
			path = helloworld;
			sourceTree = "<group>";
		};
		FF17556318B58AA600F06A5B /* Supporting Files */ = {
			isa = PBXGroup;
			children = (
				FF17556418B58AA600F06A5B /* helloworld-Info.plist */,
				FF17556518B58AA600F06A5B /* InfoPlist.strings */,
				FF17556818B58AA600F06A5B /* main.m */,
				FF17556A18B58AA600F06A5B /* helloworld-Prefix.pch */,
			);
			name = "Supporting Files";
			sourceTree = "<group>";
		};
		FF17558118B58AA700F06A5B /* helloworldTests */ = {
			isa = PBXGroup;
			children = (
				FF17558718B58AA700F06A5B /* helloworldTests.m */,
				FF17558218B58AA700F06A5B /* Supporting Files */,
			);
			path = helloworldTests;
			sourceTree = "<group>";
		};
		FF17558218B58AA700F06A5B /* Supporting Files */ = {
			isa = PBXGroup;
			children = (
				FF17558318B58AA700F06A5B /* helloworldTests-Info.plist */,
				FF17558418B58AA700F06A5B /* InfoPlist.strings */,
			);
			name = "Supporting Files";
			sourceTree = "<group>";
		};
/* End PBXGroup section */

/* Begin PBXNativeTarget section */
		FF17555818B58AA600F06A5B /* helloworld */ = {
			isa = PBXNativeTarget;
			buildConfigurationList = FF17558B18B58AA700F06A5B /* Build configuration list for PBXNativeTarget "helloworld" */;
			buildPhases = (
				FF17555518B58AA600F06A5B /* Sources */,
				FF17555618B58AA600F06A5B /* Frameworks */,
				FF17555718B58AA600F06A5B /* Resources */,
			);
			buildRules = (
			);
			dependencies = (
			);
			name = helloworld;
			productName = helloworld;
			productReference = FF17555918B58AA600F06A5B /* helloworld.app */;
			productType = "com.apple.product-type.application";
		};
		FF17557918B58AA700F06A5B /* helloworldTests */ = {
			isa = PBXNativeTarget;
			buildConfigurationList = FF17558E18B58AA700F06A5B /* Build configuration list for PBXNativeTarget "helloworldTests" */;
			buildPhases = (
				FF17557618B58AA700F06A5B /* Sources */,
				FF17557718B58AA700F06A5B /* Frameworks */,
				FF17557818B58AA700F06A5B /* Resources */,
			);
			buildRules = (
			);
			dependencies = (
				FF17558018B58AA700F06A5B /* PBXTargetDependency */,
			);
			name = helloworldTests;
			productName = helloworldTests;
			productReference = FF17557A18B58AA700F06A5B /* helloworldTests.xctest */;
			productType = "com.apple.product-type.bundle.unit-test";
		};
/* End PBXNativeTarget section */

/* Begin PBXProject section */
		FF17555118B58AA600F06A5B /* Project object */ = {
			isa = PBXProject;
			attributes = {
				CLASSPREFIX = HW;
				LastUpgradeCheck = 0500;
				ORGANIZATIONNAME = "clifford min";
				TargetAttributes = {
					FF17557918B58AA700F06A5B = {
						TestTargetID = FF17555818B58AA600F06A5B;
					};
				};
			};
			buildConfigurationList = FF17555418B58AA600F06A5B /* Build configuration list for PBXProject "helloworld" */;
			compatibilityVersion = "Xcode 3.2";
			developmentRegion = English;
			hasScannedForEncodings = 0;
			knownRegions = (
				en,
				Base,
			);
			mainGroup = FF17555018B58AA600F06A5B;
			productRefGroup = FF17555A18B58AA600F06A5B /* Products */;
			projectDirPath = "";
			projectRoot = "";
			targets = (
				FF17555818B58AA600F06A5B /* helloworld */,
				FF17557918B58AA700F06A5B /* helloworldTests */,
			);
		};
/* End PBXProject section */

/* Begin PBXResourcesBuildPhase section */
		FF17555718B58AA600F06A5B /* Resources */ = {
			isa = PBXResourcesBuildPhase;
			buildActionMask = 2147483647;
			files = (
				FF17557518B58AA700F06A5B /* Images.xcassets in Resources */,
				FF17556718B58AA600F06A5B /* InfoPlist.strings in Resources */,
				FF17557018B58AA700F06A5B /* Main.storyboard in Resources */,
			);
			runOnlyForDeploymentPostprocessing = 0;
		};
		FF17557818B58AA700F06A5B /* Resources */ = {
			isa = PBXResourcesBuildPhase;
			buildActionMask = 2147483647;
			files = (
				FF17558618B58AA700F06A5B /* InfoPlist.strings in Resources */,
			);
			runOnlyForDeploymentPostprocessing = 0;
		};
/* End PBXResourcesBuildPhase section */

/* Begin PBXSourcesBuildPhase section */
		FF17555518B58AA600F06A5B /* Sources */ = {
			isa = PBXSourcesBuildPhase;
			buildActionMask = 2147483647;
			files = (
				FF17557318B58AA700F06A5B /* HWViewController.m in Sources */,
				FF17556918B58AA600F06A5B /* main.m in Sources */,
				FF17556D18B58AA700F06A5B /* HWAppDelegate.m in Sources */,
			);
			runOnlyForDeploymentPostprocessing = 0;
		};
		FF17557618B58AA700F06A5B /* Sources */ = {
			isa = PBXSourcesBuildPhase;
			buildActionMask = 2147483647;
			files = (
				FF17558818B58AA700F06A5B /* helloworldTests.m in Sources */,
			);
			runOnlyForDeploymentPostprocessing = 0;
		};
/* End PBXSourcesBuildPhase section */

/* Begin PBXTargetDependency section */
		FF17558018B58AA700F06A5B /* PBXTargetDependency */ = {
			isa = PBXTargetDependency;
			target = FF17555818B58AA600F06A5B /* helloworld */;
			targetProxy = FF17557F18B58AA700F06A5B /* PBXContainerItemProxy */;
		};
/* End PBXTargetDependency section */

/* Begin PBXVariantGroup section */
		FF17556518B58AA600F06A5B /* InfoPlist.strings */ = {
			isa = PBXVariantGroup;
			children = (
				FF17556618B58AA600F06A5B /* en */,
			);
			name = InfoPlist.strings;
			sourceTree = "<group>";
		};
		FF17556E18B58AA700F06A5B /* Main.storyboard */ = {
			isa = PBXVariantGroup;
			children = (
				FF17556F18B58AA700F06A5B /* Base */,
			);
			name = Main.storyboard;
			sourceTree = "<group>";
		};
		FF17558418B58AA700F06A5B /* InfoPlist.strings */ = {
			isa = PBXVariantGroup;
			children = (
				FF17558518B58AA700F06A5B /* en */,
			);
			name = InfoPlist.strings;
			sourceTree = "<group>";
		};
/* End PBXVariantGroup section */

/* Begin XCBuildConfiguration section */
		FF17558918B58AA700F06A5B /* Debug */ = {
			isa = XCBuildConfiguration;
			buildSettings = {
				ALWAYS_SEARCH_USER_PATHS = NO;
				ARCHS = "$(ARCHS_STANDARD_INCLUDING_64_BIT)";
				CLANG_CXX_LANGUAGE_STANDARD = "gnu++0x";
				CLANG_CXX_LIBRARY = "libc++";
				CLANG_ENABLE_MODULES = YES;
				CLANG_ENABLE_OBJC_ARC = YES;
				CLANG_WARN_BOOL_CONVERSION = YES;
				CLANG_WARN_CONSTANT_CONVERSION = YES;
				CLANG_WARN_DIRECT_OBJC_ISA_USAGE = YES_ERROR;
				CLANG_WARN_EMPTY_BODY = YES;
				CLANG_WARN_ENUM_CONVERSION = YES;
				CLANG_WARN_INT_CONVERSION = YES;
				CLANG_WARN_OBJC_ROOT_CLASS = YES_ERROR;
				CLANG_WARN__DUPLICATE_METHOD_MATCH = YES;
				"CODE_SIGN_IDENTITY[sdk=iphoneos*]" = "iPhone Developer";
				COPY_PHASE_STRIP = NO;
				GCC_C_LANGUAGE_STANDARD = gnu99;
				GCC_DYNAMIC_NO_PIC = NO;
				GCC_OPTIMIZATION_LEVEL = 0;
				GCC_PREPROCESSOR_DEFINITIONS = (
					"DEBUG=1",
					"$(inherited)",
				);
				GCC_SYMBOLS_PRIVATE_EXTERN = NO;
				GCC_WARN_64_TO_32_BIT_CONVERSION = YES;
				GCC_WARN_ABOUT_RETURN_TYPE = YES_ERROR;
				GCC_WARN_UNDECLARED_SELECTOR = YES;
				GCC_WARN_UNINITIALIZED_AUTOS = YES;
				GCC_WARN_UNUSED_FUNCTION = YES;
				GCC_WARN_UNUSED_VARIABLE = YES;
				IPHONEOS_DEPLOYMENT_TARGET = 7.0;
				ONLY_ACTIVE_ARCH = YES;
				SDKROOT = iphoneos;
			};
			name = Debug;
		};
		FF17558A18B58AA700F06A5B /* Release */ = {
			isa = XCBuildConfiguration;
			buildSettings = {
				ALWAYS_SEARCH_USER_PATHS = NO;
				ARCHS = "$(ARCHS_STANDARD_INCLUDING_64_BIT)";
				CLANG_CXX_LANGUAGE_STANDARD = "gnu++0x";
				CLANG_CXX_LIBRARY = "libc++";
				CLANG_ENABLE_MODULES = YES;
				CLANG_ENABLE_OBJC_ARC = YES;
				CLANG_WARN_BOOL_CONVERSION = YES;
				CLANG_WARN_CONSTANT_CONVERSION = YES;
				CLANG_WARN_DIRECT_OBJC_ISA_USAGE = YES_ERROR;
				CLANG_WARN_EMPTY_BODY = YES;
				CLANG_WARN_ENUM_CONVERSION = YES;
				CLANG_WARN_INT_CONVERSION = YES;
				CLANG_WARN_OBJC_ROOT_CLASS = YES_ERROR;
				CLANG_WARN__DUPLICATE_METHOD_MATCH = YES;
				"CODE_SIGN_IDENTITY[sdk=iphoneos*]" = "iPhone Developer";
				COPY_PHASE_STRIP = YES;
				ENABLE_NS_ASSERTIONS = NO;
				GCC_C_LANGUAGE_STANDARD = gnu99;
				GCC_WARN_64_TO_32_BIT_CONVERSION = YES;
				GCC_WARN_ABOUT_RETURN_TYPE = YES_ERROR;
				GCC_WARN_UNDECLARED_SELECTOR = YES;
				GCC_WARN_UNINITIALIZED_AUTOS = YES;
				GCC_WARN_UNUSED_FUNCTION = YES;
				GCC_WARN_UNUSED_VARIABLE = YES;
				IPHONEOS_DEPLOYMENT_TARGET = 7.0;
				SDKROOT = iphoneos;
				VALIDATE_PRODUCT = YES;
			};
			name = Release;
		};
		FF17558C18B58AA700F06A5B /* Debug */ = {
			isa = XCBuildConfiguration;
			buildSettings = {
				ASSETCATALOG_COMPILER_APPICON_NAME = AppIcon;
				ASSETCATALOG_COMPILER_LAUNCHIMAGE_NAME = LaunchImage;
				GCC_PRECOMPILE_PREFIX_HEADER = YES;
				GCC_PREFIX_HEADER = "helloworld/helloworld-Prefix.pch";
				INFOPLIST_FILE = "helloworld/helloworld-Info.plist";
				PRODUCT_NAME = "$(TARGET_NAME)";
				WRAPPER_EXTENSION = app;
			};
			name = Debug;
		};
		FF17558D18B58AA700F06A5B /* Release */ = {
			isa = XCBuildConfiguration;
			buildSettings = {
				ASSETCATALOG_COMPILER_APPICON_NAME = AppIcon;
				ASSETCATALOG_COMPILER_LAUNCHIMAGE_NAME = LaunchImage;
				GCC_PRECOMPILE_PREFIX_HEADER = YES;
				GCC_PREFIX_HEADER = "helloworld/helloworld-Prefix.pch";
				INFOPLIST_FILE = "helloworld/helloworld-Info.plist";
				PRODUCT_NAME = "$(TARGET_NAME)";
				WRAPPER_EXTENSION = app;
			};
			name = Release;
		};
		FF17558F18B58AA700F06A5B /* Debug */ = {
			isa = XCBuildConfiguration;
			buildSettings = {
				ARCHS = "$(ARCHS_STANDARD_INCLUDING_64_BIT)";
				BUNDLE_LOADER = "$(BUILT_PRODUCTS_DIR)/helloworld.app/helloworld";
				FRAMEWORK_SEARCH_PATHS = (
					"$(SDKROOT)/Developer/Library/Frameworks",
					"$(inherited)",
					"$(DEVELOPER_FRAMEWORKS_DIR)",
				);
				GCC_PRECOMPILE_PREFIX_HEADER = YES;
				GCC_PREFIX_HEADER = "helloworld/helloworld-Prefix.pch";
				GCC_PREPROCESSOR_DEFINITIONS = (
					"DEBUG=1",
					"$(inherited)",
				);
				INFOPLIST_FILE = "helloworldTests/helloworldTests-Info.plist";
				PRODUCT_NAME = "$(TARGET_NAME)";
				TEST_HOST = "$(BUNDLE_LOADER)";
				WRAPPER_EXTENSION = xctest;
			};
			name = Debug;
		};
		FF17559018B58AA700F06A5B /* Release */ = {
			isa = XCBuildConfiguration;
			buildSettings = {
				ARCHS = "$(ARCHS_STANDARD_INCLUDING_64_BIT)";
				BUNDLE_LOADER = "$(BUILT_PRODUCTS_DIR)/helloworld.app/helloworld";
				FRAMEWORK_SEARCH_PATHS = (
					"$(SDKROOT)/Developer/Library/Frameworks",
					"$(inherited)",
					"$(DEVELOPER_FRAMEWORKS_DIR)",
				);
				GCC_PRECOMPILE_PREFIX_HEADER = YES;
				GCC_PREFIX_HEADER = "helloworld/helloworld-Prefix.pch";
				INFOPLIST_FILE = "helloworldTests/helloworldTests-Info.plist";
				PRODUCT_NAME = "$(TARGET_NAME)";
				TEST_HOST = "$(BUNDLE_LOADER)";
				WRAPPER_EXTENSION = xctest;
			};
			name = Release;
		};
/* End XCBuildConfiguration section */

/* Begin XCConfigurationList section */
		FF17555418B58AA600F06A5B /* Build configuration list for PBXProject "helloworld" */ = {
			isa = XCConfigurationList;
			buildConfigurations = (
				FF17558918B58AA700F06A5B /* Debug */,
				FF17558A18B58AA700F06A5B /* Release */,
			);
			defaultConfigurationIsVisible = 0;
			defaultConfigurationName = Release;
		};
		FF17558B18B58AA700F06A5B /* Build configuration list for PBXNativeTarget "helloworld" */ = {
			isa = XCConfigurationList;
			buildConfigurations = (
				FF17558C18B58AA700F06A5B /* Debug */,
				FF17558D18B58AA700F06A5B /* Release */,
			);
			defaultConfigurationIsVisible = 0;
		};
		FF17558E18B58AA700F06A5B /* Build configuration list for PBXNativeTarget "helloworldTests" */ = {
			isa = XCConfigurationList;
			buildConfigurations = (
				FF17558F18B58AA700F06A5B /* Debug */,
				FF17559018B58AA700F06A5B /* Release */,
			);
			defaultConfigurationIsVisible = 0;
		};
/* End XCConfigurationList section */
	};
	rootObject = FF17555118B58AA600F06A5B /* Project object */;
}
